{
    "_readme": [
        "This file locks the dependencies of your project to a known state",
        "Read more about it at https://getcomposer.org/doc/01-basic-usage.md#composer-lock-the-lock-file",
        "This file is @generated automatically"
    ],
    "hash": "791193e468c1633273e118b77c7de4a0",
    "content-hash": "06bdee9b8f38c89d47f7b561cfda5226",
    "packages": [
        {
            "name": "datingvip/curl",
            "version": "v2.0.4",
            "source": {
                "type": "git",
                "url": "https://github.com/DatingVIP/cURL.git",
                "reference": "ebc4585916164e0c255dee795965be0514389f70"
            },
            "dist": {
                "type": "zip",
                "url": "https://api.github.com/repos/DatingVIP/cURL/zipball/ebc4585916164e0c255dee795965be0514389f70",
                "reference": "ebc4585916164e0c255dee795965be0514389f70",
                "shasum": ""
            },
            "require": {
                "php": ">=5.0.0"
            },
            "type": "library",
            "autoload": {
                "psr-0": {
                    "DatingVIP": "src"
                }
            },
            "notification-url": "https://packagist.org/downloads/",
            "license": [
                "LGPLv3"
            ],
            "authors": [
                {
                    "name": "Joe Watkins",
                    "email": "joe@firstbeatmedia.com",
                    "homepage": "http://firstbeatmedia.com",
                    "role": "Developer"
                }
            ],
            "description": "Curl based HTTP Client - Simple but effective OOP wrapper around Curl php lib",
            "homepage": "https://github.com/DatingVIP/cURL",
            "keywords": [
                "curl"
            ],
            "time": "2016-06-24 20:27:09"
        }
    ],
    "packages-dev": [],
    "aliases": [],
    "minimum-stability": "stable",
    "stability-flags": [],
    "prefer-stable": false,
    "prefer-lowest": false,
    "platform": {
        "php": ">=5.0.0"
    },
    "platform-dev": []
}
